
Microsoft Visual Studio Solution File, Format Version 12.00
# Visual Studio 15
VisualStudioVersion = 15.0.28307.106
MinimumVisualStudioVersion = 10.0.40219.1
Project("{FAE04EC0-301F-11D3-BF4B-00C04F79EFBC}") = "MVCDemoApp", "MVCDemoApp\MVCDemoApp.csproj", "{A7276C1E-D95A-4037-B329-63CB0B94B9D1}"
EndProject
Global
	GlobalSection(SolutionConfigurationPlatforms) = preSolution
		Debug|Any CPU = Debug|Any CPU
		Release|Any CPU = Release|Any CPU
	EndGlobalSection
	GlobalSection(ProjectConfigurationPlatforms) = postSolution
		{A7276C1E-D95A-4037-B329-63CB0B94B9D1}.Debug|Any CPU.ActiveCfg = Debug|Any CPU
		{A7276C1E-D95A-4037-B329-63CB0B94B9D1}.Debug|Any CPU.Build.0 = Debug|Any CPU
		{A7276C1E-D95A-4037-B329-63CB0B94B9D1}.Release|Any CPU.ActiveCfg = Release|Any CPU
		{A7276C1E-D95A-4037-B329-63CB0B94B9D1}.Release|Any CPU.Build.0 = Release|Any CPU
	EndGlobalSection
	GlobalSection(SolutionProperties) = preSolution
		HideSolutionNode = FALSE
	EndGlobalSection
	GlobalSection(ExtensibilityGlobals) = postSolution
		SolutionGuid = {CB8B22D8-9D77-4D5F-8ADF-30B4FC7948A6}
	EndGlobalSection
EndGlobal
